
Microsoft Visual Studio Solution File, Format Version 12.00
# Visual Studio 15
VisualStudioVersion = 15.0.28010.2046
MinimumVisualStudioVersion = 10.0.40219.1
Project("{9A19103F-16F7-4668-BE54-9A1E7A4F7556}") = "IT1050Lab2", "IT1050Lab2\IT1050Lab2.csproj", "{E2522480-DDEA-490E-99C9-9156AEDDFF34}"
EndProject
Global
	GlobalSection(SolutionConfigurationPlatforms) = preSolution
		Debug|Any CPU = Debug|Any CPU
		Release|Any CPU = Release|Any CPU
	EndGlobalSection
	GlobalSection(ProjectConfigurationPlatforms) = postSolution
		{E2522480-DDEA-490E-99C9-9156AEDDFF34}.Debug|Any CPU.ActiveCfg = Debug|Any CPU
		{E2522480-DDEA-490E-99C9-9156AEDDFF34}.Debug|Any CPU.Build.0 = Debug|Any CPU
		{E2522480-DDEA-490E-99C9-9156AEDDFF34}.Release|Any CPU.ActiveCfg = Release|Any CPU
		{E2522480-DDEA-490E-99C9-9156AEDDFF34}.Release|Any CPU.Build.0 = Release|Any CPU
	EndGlobalSection
	GlobalSection(SolutionProperties) = preSolution
		HideSolutionNode = FALSE
	EndGlobalSection
	GlobalSection(ExtensibilityGlobals) = postSolution
		SolutionGuid = {4835F5D1-1CB8-4D18-8521-136B8AAFD472}
	EndGlobalSection
EndGlobal
