
Microsoft Visual Studio Solution File, Format Version 12.00
# Visual Studio 15
VisualStudioVersion = 15.0.28010.2046
MinimumVisualStudioVersion = 10.0.40219.1
Project("{FAE04EC0-301F-11D3-BF4B-00C04F79EFBC}") = "IT_1050_Lab4", "IT_1050_Lab4\IT_1050_Lab4.csproj", "{0B152740-0470-48F4-9908-D3429F3BBCEA}"
EndProject
Global
	GlobalSection(SolutionConfigurationPlatforms) = preSolution
		Debug|Any CPU = Debug|Any CPU
		Release|Any CPU = Release|Any CPU
	EndGlobalSection
	GlobalSection(ProjectConfigurationPlatforms) = postSolution
		{0B152740-0470-48F4-9908-D3429F3BBCEA}.Debug|Any CPU.ActiveCfg = Debug|Any CPU
		{0B152740-0470-48F4-9908-D3429F3BBCEA}.Debug|Any CPU.Build.0 = Debug|Any CPU
		{0B152740-0470-48F4-9908-D3429F3BBCEA}.Release|Any CPU.ActiveCfg = Release|Any CPU
		{0B152740-0470-48F4-9908-D3429F3BBCEA}.Release|Any CPU.Build.0 = Release|Any CPU
	EndGlobalSection
	GlobalSection(SolutionProperties) = preSolution
		HideSolutionNode = FALSE
	EndGlobalSection
	GlobalSection(ExtensibilityGlobals) = postSolution
		SolutionGuid = {087296D3-5B2B-4E51-8443-FC5D5B4642AD}
	EndGlobalSection
EndGlobal
