
Microsoft Visual Studio Solution File, Format Version 12.00
# Visual Studio 15
VisualStudioVersion = 15.0.28010.0
MinimumVisualStudioVersion = 10.0.40219.1
Project("{FAE04EC0-301F-11D3-BF4B-00C04F79EFBC}") = "12-4-18", "12-4-18\12-4-18.csproj", "{86FF0357-87EF-44CC-8E5D-92BBAEEFA7D7}"
EndProject
Global
	GlobalSection(SolutionConfigurationPlatforms) = preSolution
		Debug|Any CPU = Debug|Any CPU
		Release|Any CPU = Release|Any CPU
	EndGlobalSection
	GlobalSection(ProjectConfigurationPlatforms) = postSolution
		{86FF0357-87EF-44CC-8E5D-92BBAEEFA7D7}.Debug|Any CPU.ActiveCfg = Debug|Any CPU
		{86FF0357-87EF-44CC-8E5D-92BBAEEFA7D7}.Debug|Any CPU.Build.0 = Debug|Any CPU
		{86FF0357-87EF-44CC-8E5D-92BBAEEFA7D7}.Release|Any CPU.ActiveCfg = Release|Any CPU
		{86FF0357-87EF-44CC-8E5D-92BBAEEFA7D7}.Release|Any CPU.Build.0 = Release|Any CPU
	EndGlobalSection
	GlobalSection(SolutionProperties) = preSolution
		HideSolutionNode = FALSE
	EndGlobalSection
	GlobalSection(ExtensibilityGlobals) = postSolution
		SolutionGuid = {D97D3865-FD4E-44EE-AF19-700ADD9D5A67}
	EndGlobalSection
EndGlobal
