
Microsoft Visual Studio Solution File, Format Version 12.00
# Visual Studio 15
VisualStudioVersion = 15.0.28307.136
MinimumVisualStudioVersion = 10.0.40219.1
Project("{FAE04EC0-301F-11D3-BF4B-00C04F79EFBC}") = "IT_1050_Final_Project", "IT_1050_Final_Project\IT_1050_Final_Project.csproj", "{D65D9309-8103-4C75-8D02-B42C06F6060D}"
EndProject
Global
	GlobalSection(SolutionConfigurationPlatforms) = preSolution
		Debug|Any CPU = Debug|Any CPU
		Release|Any CPU = Release|Any CPU
	EndGlobalSection
	GlobalSection(ProjectConfigurationPlatforms) = postSolution
		{D65D9309-8103-4C75-8D02-B42C06F6060D}.Debug|Any CPU.ActiveCfg = Debug|Any CPU
		{D65D9309-8103-4C75-8D02-B42C06F6060D}.Debug|Any CPU.Build.0 = Debug|Any CPU
		{D65D9309-8103-4C75-8D02-B42C06F6060D}.Release|Any CPU.ActiveCfg = Release|Any CPU
		{D65D9309-8103-4C75-8D02-B42C06F6060D}.Release|Any CPU.Build.0 = Release|Any CPU
	EndGlobalSection
	GlobalSection(SolutionProperties) = preSolution
		HideSolutionNode = FALSE
	EndGlobalSection
	GlobalSection(ExtensibilityGlobals) = postSolution
		SolutionGuid = {F044F659-432D-4270-93F4-6931B76709D5}
	EndGlobalSection
EndGlobal
